
Microsoft Visual Studio Solution File, Format Version 12.00
# Visual Studio Version 16
VisualStudioVersion = 16.0.31605.320
MinimumVisualStudioVersion = 10.0.40219.1
Project("{FAE04EC0-301F-11D3-BF4B-00C04F79EFBC}") = "Blockchain", "Blockchain\Blockchain.csproj", "{2B291C77-54F4-45C1-A754-E918AA8E0B23}"
EndProject
Global
	GlobalSection(SolutionConfigurationPlatforms) = preSolution
		Debug|Any CPU = Debug|Any CPU
		Release|Any CPU = Release|Any CPU
	EndGlobalSection
	GlobalSection(ProjectConfigurationPlatforms) = postSolution
		{2B291C77-54F4-45C1-A754-E918AA8E0B23}.Debug|Any CPU.ActiveCfg = Debug|Any CPU
		{2B291C77-54F4-45C1-A754-E918AA8E0B23}.Debug|Any CPU.Build.0 = Debug|Any CPU
		{2B291C77-54F4-45C1-A754-E918AA8E0B23}.Release|Any CPU.ActiveCfg = Release|Any CPU
		{2B291C77-54F4-45C1-A754-E918AA8E0B23}.Release|Any CPU.Build.0 = Release|Any CPU
	EndGlobalSection
	GlobalSection(SolutionProperties) = preSolution
		HideSolutionNode = FALSE
	EndGlobalSection
	GlobalSection(ExtensibilityGlobals) = postSolution
		SolutionGuid = {AD61BA52-3206-4E53-A16D-E03C4BF21857}
	EndGlobalSection
EndGlobal
